<Solution>
  <Folder Name="/src/">
    <Project Path="src/InsuranceApi.Api/InsuranceApi.Api.csproj" />
    <Project Path="src/InsuranceApi.Domain/InsuranceApi.Domain.csproj" />
    <Project Path="src/InsuranceApi.Infrastructure/InsuranceApi.Infrastructure.csproj" />
  </Folder>
  <Folder Name="/tests/">
    <Project Path="tests/InsuranceApi.Tests/InsuranceApi.Tests.csproj" />
  </Folder>
</Solution>
